
Microsoft Visual Studio Solution File, Format Version 12.00
# Visual Studio Version 16
VisualStudioVersion = 16.0.30002.166
MinimumVisualStudioVersion = 10.0.40219.1
Project("{2150E333-8FDC-42A3-9474-1A3956D46DE8}") = "Store Admin", "Store Admin", "{EB13CB37-480E-4E34-B2F0-153C55A8EBA6}"
EndProject
Project("{2150E333-8FDC-42A3-9474-1A3956D46DE8}") = "Core", "Core", "{1C21E8B6-DA61-4274-A463-94CA20CF79A8}"
EndProject
Project("{FAE04EC0-301F-11D3-BF4B-00C04F79EFBC}") = "Apollo.Core.Model", "Core\Apollo.Core.Model\Apollo.Core.Model.csproj", "{69067CE3-5F66-4C27-8AE9-7309B2A6D105}"
EndProject
Project("{FAE04EC0-301F-11D3-BF4B-00C04F79EFBC}") = "Apollo.Core.Services.Interfaces", "Core\Apollo.Core.Services.Interfaces\Apollo.Core.Services.Interfaces.csproj", "{C887BCEC-A061-4289-9954-54A656F07DB3}"
EndProject
Project("{FAE04EC0-301F-11D3-BF4B-00C04F79EFBC}") = "Apollo.Core", "Core\Apollo.Core\Apollo.Core.csproj", "{AE3335C7-9FB1-4242-B3E8-04F4ED9DA0F6}"
EndProject
Project("{2150E333-8FDC-42A3-9474-1A3956D46DE8}") = "Dache", "Dache", "{DD6AD478-7A1C-47C8-A02C-4D14E2814E77}"
EndProject
Project("{FAE04EC0-301F-11D3-BF4B-00C04F79EFBC}") = "Apollo.Dache.Core", "Dache\Apollo.Dache.Core\Apollo.Dache.Core.csproj", "{EF12EBFB-FF3B-4B6E-A63D-6A81346FCCE5}"
EndProject
Project("{FAE04EC0-301F-11D3-BF4B-00C04F79EFBC}") = "Apollo.Dache.SharpMemoryCache", "Dache\Apollo.Dache.SharpMemoryCache\Apollo.Dache.SharpMemoryCache.csproj", "{9D9ED3DA-1F4C-400E-9580-A2C3E7BB3441}"
EndProject
Project("{FAE04EC0-301F-11D3-BF4B-00C04F79EFBC}") = "Apollo.Dache.SimplSockets", "Dache\Apollo.Dache.SimplSockets\Apollo.Dache.SimplSockets.csproj", "{6ECFAF7A-8139-4146-8737-B3AAACEF620A}"
EndProject
Project("{FAE04EC0-301F-11D3-BF4B-00C04F79EFBC}") = "Apollo.Dache.Client", "Dache\Apollo.Dache.Client\Apollo.Dache.Client.csproj", "{41EFFAA9-5078-4B99-9C0D-664970A86A18}"
EndProject
Project("{2150E333-8FDC-42A3-9474-1A3956D46DE8}") = "Data Access", "Data Access", "{433A26AA-AF01-433E-A389-70F27BA811CB}"
EndProject
Project("{FAE04EC0-301F-11D3-BF4B-00C04F79EFBC}") = "Apollo.DataAccess.Interfaces", "Data Access\Apollo.DataAccess.Interfaces\Apollo.DataAccess.Interfaces.csproj", "{9CBC3734-572B-4B80-B2B0-8F2596B66D51}"
EndProject
Project("{FAE04EC0-301F-11D3-BF4B-00C04F79EFBC}") = "Apollo.DataAccess.EF", "Data Access\Apollo.DataAccess.EF\Apollo.DataAccess.EF.csproj", "{8C2B0C23-5864-440B-86CD-DC33997E888F}"
EndProject
Project("{FAE04EC0-301F-11D3-BF4B-00C04F79EFBC}") = "Apollo.Core.Services", "Core\Apollo.Core.Services\Apollo.Core.Services.csproj", "{119C182C-E8A0-4603-B39F-B5795460FC69}"
EndProject
Project("{2150E333-8FDC-42A3-9474-1A3956D46DE8}") = "Web Framework", "Web Framework", "{99126D8E-EED8-4372-B72E-2F267FD36A47}"
EndProject
Project("{FAE04EC0-301F-11D3-BF4B-00C04F79EFBC}") = "Apollo.Web.Framework", "Web Framework\Apollo.Web.Framework\Apollo.Web.Framework.csproj", "{2F849822-DD13-43D0-99F2-E864FF500A1C}"
EndProject
Project("{FAE04EC0-301F-11D3-BF4B-00C04F79EFBC}") = "Apollo.AdminStore.WebForm", "Store Admin\Apollo.AdminStore.WebForm\Apollo.AdminStore.WebForm.csproj", "{ACB226DC-596F-4EE3-82A8-A14BD264EA1A}"
EndProject
Project("{2150E333-8FDC-42A3-9474-1A3956D46DE8}") = "Store Front", "Store Front", "{C85289B5-F5F3-4B72-81CB-5AA4FF8B4239}"
EndProject
Project("{2150E333-8FDC-42A3-9474-1A3956D46DE8}") = "Plugins", "Plugins", "{A7F254FB-BAA4-4904-A512-90CBBA2D7851}"
EndProject
Project("{FAE04EC0-301F-11D3-BF4B-00C04F79EFBC}") = "Apollo.Plugin.Widgets.GoogleAdwords", "Plugins\Apollo.Plugin.Widgets.GoogleAdwords\Apollo.Plugin.Widgets.GoogleAdwords.csproj", "{C92C2404-40D2-4B63-9C5F-68A8865CC57B}"
EndProject
Project("{FAE04EC0-301F-11D3-BF4B-00C04F79EFBC}") = "Apollo.Plugin.Widgets.GoogleAnalytics", "Plugins\Apollo.Plugin.Widgets.GoogleAnalytics\Apollo.Plugin.Widgets.GoogleAnalytics.csproj", "{2A1502EF-B22E-4FBB-A87B-CC1264D490DE}"
EndProject
Project("{FAE04EC0-301F-11D3-BF4B-00C04F79EFBC}") = "Apollo.FrontStore", "Store Front\Apollo.FrontStore\Apollo.FrontStore.csproj", "{0EA21661-49C6-4134-95CA-D0BD9CEBF257}"
EndProject
Global
	GlobalSection(SolutionConfigurationPlatforms) = preSolution
		Debug|Any CPU = Debug|Any CPU
		Release|Any CPU = Release|Any CPU
	EndGlobalSection
	GlobalSection(ProjectConfigurationPlatforms) = postSolution
		{69067CE3-5F66-4C27-8AE9-7309B2A6D105}.Debug|Any CPU.ActiveCfg = Debug|Any CPU
		{69067CE3-5F66-4C27-8AE9-7309B2A6D105}.Debug|Any CPU.Build.0 = Debug|Any CPU
		{69067CE3-5F66-4C27-8AE9-7309B2A6D105}.Release|Any CPU.ActiveCfg = Release|Any CPU
		{69067CE3-5F66-4C27-8AE9-7309B2A6D105}.Release|Any CPU.Build.0 = Release|Any CPU
		{C887BCEC-A061-4289-9954-54A656F07DB3}.Debug|Any CPU.ActiveCfg = Debug|Any CPU
		{C887BCEC-A061-4289-9954-54A656F07DB3}.Debug|Any CPU.Build.0 = Debug|Any CPU
		{C887BCEC-A061-4289-9954-54A656F07DB3}.Release|Any CPU.ActiveCfg = Release|Any CPU
		{C887BCEC-A061-4289-9954-54A656F07DB3}.Release|Any CPU.Build.0 = Release|Any CPU
		{AE3335C7-9FB1-4242-B3E8-04F4ED9DA0F6}.Debug|Any CPU.ActiveCfg = Debug|Any CPU
		{AE3335C7-9FB1-4242-B3E8-04F4ED9DA0F6}.Debug|Any CPU.Build.0 = Debug|Any CPU
		{AE3335C7-9FB1-4242-B3E8-04F4ED9DA0F6}.Release|Any CPU.ActiveCfg = Release|Any CPU
		{AE3335C7-9FB1-4242-B3E8-04F4ED9DA0F6}.Release|Any CPU.Build.0 = Release|Any CPU
		{EF12EBFB-FF3B-4B6E-A63D-6A81346FCCE5}.Debug|Any CPU.ActiveCfg = Debug|Any CPU
		{EF12EBFB-FF3B-4B6E-A63D-6A81346FCCE5}.Debug|Any CPU.Build.0 = Debug|Any CPU
		{EF12EBFB-FF3B-4B6E-A63D-6A81346FCCE5}.Release|Any CPU.ActiveCfg = Release|Any CPU
		{EF12EBFB-FF3B-4B6E-A63D-6A81346FCCE5}.Release|Any CPU.Build.0 = Release|Any CPU
		{9D9ED3DA-1F4C-400E-9580-A2C3E7BB3441}.Debug|Any CPU.ActiveCfg = Debug|Any CPU
		{9D9ED3DA-1F4C-400E-9580-A2C3E7BB3441}.Debug|Any CPU.Build.0 = Debug|Any CPU
		{9D9ED3DA-1F4C-400E-9580-A2C3E7BB3441}.Release|Any CPU.ActiveCfg = Release|Any CPU
		{9D9ED3DA-1F4C-400E-9580-A2C3E7BB3441}.Release|Any CPU.Build.0 = Release|Any CPU
		{6ECFAF7A-8139-4146-8737-B3AAACEF620A}.Debug|Any CPU.ActiveCfg = Debug|Any CPU
		{6ECFAF7A-8139-4146-8737-B3AAACEF620A}.Debug|Any CPU.Build.0 = Debug|Any CPU
		{6ECFAF7A-8139-4146-8737-B3AAACEF620A}.Release|Any CPU.ActiveCfg = Release|Any CPU
		{6ECFAF7A-8139-4146-8737-B3AAACEF620A}.Release|Any CPU.Build.0 = Release|Any CPU
		{41EFFAA9-5078-4B99-9C0D-664970A86A18}.Debug|Any CPU.ActiveCfg = Debug|Any CPU
		{41EFFAA9-5078-4B99-9C0D-664970A86A18}.Debug|Any CPU.Build.0 = Debug|Any CPU
		{41EFFAA9-5078-4B99-9C0D-664970A86A18}.Release|Any CPU.ActiveCfg = Release|Any CPU
		{41EFFAA9-5078-4B99-9C0D-664970A86A18}.Release|Any CPU.Build.0 = Release|Any CPU
		{9CBC3734-572B-4B80-B2B0-8F2596B66D51}.Debug|Any CPU.ActiveCfg = Debug|Any CPU
		{9CBC3734-572B-4B80-B2B0-8F2596B66D51}.Debug|Any CPU.Build.0 = Debug|Any CPU
		{9CBC3734-572B-4B80-B2B0-8F2596B66D51}.Release|Any CPU.ActiveCfg = Release|Any CPU
		{9CBC3734-572B-4B80-B2B0-8F2596B66D51}.Release|Any CPU.Build.0 = Release|Any CPU
		{8C2B0C23-5864-440B-86CD-DC33997E888F}.Debug|Any CPU.ActiveCfg = Debug|Any CPU
		{8C2B0C23-5864-440B-86CD-DC33997E888F}.Debug|Any CPU.Build.0 = Debug|Any CPU
		{8C2B0C23-5864-440B-86CD-DC33997E888F}.Release|Any CPU.ActiveCfg = Release|Any CPU
		{8C2B0C23-5864-440B-86CD-DC33997E888F}.Release|Any CPU.Build.0 = Release|Any CPU
		{119C182C-E8A0-4603-B39F-B5795460FC69}.Debug|Any CPU.ActiveCfg = Debug|Any CPU
		{119C182C-E8A0-4603-B39F-B5795460FC69}.Debug|Any CPU.Build.0 = Debug|Any CPU
		{119C182C-E8A0-4603-B39F-B5795460FC69}.Release|Any CPU.ActiveCfg = Release|Any CPU
		{119C182C-E8A0-4603-B39F-B5795460FC69}.Release|Any CPU.Build.0 = Release|Any CPU
		{2F849822-DD13-43D0-99F2-E864FF500A1C}.Debug|Any CPU.ActiveCfg = Debug|Any CPU
		{2F849822-DD13-43D0-99F2-E864FF500A1C}.Debug|Any CPU.Build.0 = Debug|Any CPU
		{2F849822-DD13-43D0-99F2-E864FF500A1C}.Release|Any CPU.ActiveCfg = Release|Any CPU
		{2F849822-DD13-43D0-99F2-E864FF500A1C}.Release|Any CPU.Build.0 = Release|Any CPU
		{ACB226DC-596F-4EE3-82A8-A14BD264EA1A}.Debug|Any CPU.ActiveCfg = Debug|Any CPU
		{ACB226DC-596F-4EE3-82A8-A14BD264EA1A}.Debug|Any CPU.Build.0 = Debug|Any CPU
		{ACB226DC-596F-4EE3-82A8-A14BD264EA1A}.Release|Any CPU.ActiveCfg = Release|Any CPU
		{ACB226DC-596F-4EE3-82A8-A14BD264EA1A}.Release|Any CPU.Build.0 = Release|Any CPU
		{C92C2404-40D2-4B63-9C5F-68A8865CC57B}.Debug|Any CPU.ActiveCfg = Debug|Any CPU
		{C92C2404-40D2-4B63-9C5F-68A8865CC57B}.Debug|Any CPU.Build.0 = Debug|Any CPU
		{C92C2404-40D2-4B63-9C5F-68A8865CC57B}.Release|Any CPU.ActiveCfg = Release|Any CPU
		{C92C2404-40D2-4B63-9C5F-68A8865CC57B}.Release|Any CPU.Build.0 = Release|Any CPU
		{2A1502EF-B22E-4FBB-A87B-CC1264D490DE}.Debug|Any CPU.ActiveCfg = Debug|Any CPU
		{2A1502EF-B22E-4FBB-A87B-CC1264D490DE}.Debug|Any CPU.Build.0 = Debug|Any CPU
		{2A1502EF-B22E-4FBB-A87B-CC1264D490DE}.Release|Any CPU.ActiveCfg = Release|Any CPU
		{2A1502EF-B22E-4FBB-A87B-CC1264D490DE}.Release|Any CPU.Build.0 = Release|Any CPU
		{0EA21661-49C6-4134-95CA-D0BD9CEBF257}.Debug|Any CPU.ActiveCfg = Debug|Any CPU
		{0EA21661-49C6-4134-95CA-D0BD9CEBF257}.Debug|Any CPU.Build.0 = Debug|Any CPU
		{0EA21661-49C6-4134-95CA-D0BD9CEBF257}.Release|Any CPU.ActiveCfg = Release|Any CPU
		{0EA21661-49C6-4134-95CA-D0BD9CEBF257}.Release|Any CPU.Build.0 = Release|Any CPU
	EndGlobalSection
	GlobalSection(SolutionProperties) = preSolution
		HideSolutionNode = FALSE
	EndGlobalSection
	GlobalSection(NestedProjects) = preSolution
		{69067CE3-5F66-4C27-8AE9-7309B2A6D105} = {1C21E8B6-DA61-4274-A463-94CA20CF79A8}
		{C887BCEC-A061-4289-9954-54A656F07DB3} = {1C21E8B6-DA61-4274-A463-94CA20CF79A8}
		{AE3335C7-9FB1-4242-B3E8-04F4ED9DA0F6} = {1C21E8B6-DA61-4274-A463-94CA20CF79A8}
		{EF12EBFB-FF3B-4B6E-A63D-6A81346FCCE5} = {DD6AD478-7A1C-47C8-A02C-4D14E2814E77}
		{9D9ED3DA-1F4C-400E-9580-A2C3E7BB3441} = {DD6AD478-7A1C-47C8-A02C-4D14E2814E77}
		{6ECFAF7A-8139-4146-8737-B3AAACEF620A} = {DD6AD478-7A1C-47C8-A02C-4D14E2814E77}
		{41EFFAA9-5078-4B99-9C0D-664970A86A18} = {DD6AD478-7A1C-47C8-A02C-4D14E2814E77}
		{9CBC3734-572B-4B80-B2B0-8F2596B66D51} = {433A26AA-AF01-433E-A389-70F27BA811CB}
		{8C2B0C23-5864-440B-86CD-DC33997E888F} = {433A26AA-AF01-433E-A389-70F27BA811CB}
		{119C182C-E8A0-4603-B39F-B5795460FC69} = {1C21E8B6-DA61-4274-A463-94CA20CF79A8}
		{2F849822-DD13-43D0-99F2-E864FF500A1C} = {99126D8E-EED8-4372-B72E-2F267FD36A47}
		{ACB226DC-596F-4EE3-82A8-A14BD264EA1A} = {EB13CB37-480E-4E34-B2F0-153C55A8EBA6}
		{C92C2404-40D2-4B63-9C5F-68A8865CC57B} = {A7F254FB-BAA4-4904-A512-90CBBA2D7851}
		{2A1502EF-B22E-4FBB-A87B-CC1264D490DE} = {A7F254FB-BAA4-4904-A512-90CBBA2D7851}
		{0EA21661-49C6-4134-95CA-D0BD9CEBF257} = {C85289B5-F5F3-4B72-81CB-5AA4FF8B4239}
	EndGlobalSection
	GlobalSection(ExtensibilityGlobals) = postSolution
		SolutionGuid = {5E3A0A59-BD2B-47F7-A8CA-FB511D35D864}
	EndGlobalSection
EndGlobal
